
Microsoft Visual Studio Solution File, Format Version 12.00
# Visual Studio 15
VisualStudioVersion = 15.0.27703.2026
MinimumVisualStudioVersion = 10.0.40219.1
Project("{9A19103F-16F7-4668-BE54-9A1E7A4F7556}") = "TacitusLogger.DI.Autofac", "TacitusLogger.DI.Autofac\TacitusLogger.DI.Autofac.csproj", "{B1C668E4-BAA6-46C9-885F-3811ECA3C917}"
EndProject
Project("{2150E333-8FDC-42A3-9474-1A3956D46DE8}") = "Tests", "Tests", "{898F744D-64B9-4437-B848-B9542ECFF11E}"
EndProject
Project("{9A19103F-16F7-4668-BE54-9A1E7A4F7556}") = "TacitusLogger.DI.AutofacDI.UnitTests", "TacitusLogger.DI.Autofac.UnitTests\TacitusLogger.DI.AutofacDI.UnitTests.csproj", "{ACC09C6A-3D51-4E38-A90B-A78BAC21B507}"
EndProject
Project("{9A19103F-16F7-4668-BE54-9A1E7A4F7556}") = "TacitusLogger.DI.AutofacDI.IntegrationTests", "TacitusLogger.DI.Autofac.IntegrationTests\TacitusLogger.DI.AutofacDI.IntegrationTests.csproj", "{C03046E0-E12B-4141-9143-83621F5AF63E}"
EndProject
Global
	GlobalSection(SolutionConfigurationPlatforms) = preSolution
		Debug|Any CPU = Debug|Any CPU
		Release|Any CPU = Release|Any CPU
	EndGlobalSection
	GlobalSection(ProjectConfigurationPlatforms) = postSolution
		{B1C668E4-BAA6-46C9-885F-3811ECA3C917}.Debug|Any CPU.ActiveCfg = Debug|Any CPU
		{B1C668E4-BAA6-46C9-885F-3811ECA3C917}.Debug|Any CPU.Build.0 = Debug|Any CPU
		{B1C668E4-BAA6-46C9-885F-3811ECA3C917}.Release|Any CPU.ActiveCfg = Release|Any CPU
		{B1C668E4-BAA6-46C9-885F-3811ECA3C917}.Release|Any CPU.Build.0 = Release|Any CPU
		{ACC09C6A-3D51-4E38-A90B-A78BAC21B507}.Debug|Any CPU.ActiveCfg = Debug|Any CPU
		{ACC09C6A-3D51-4E38-A90B-A78BAC21B507}.Debug|Any CPU.Build.0 = Debug|Any CPU
		{ACC09C6A-3D51-4E38-A90B-A78BAC21B507}.Release|Any CPU.ActiveCfg = Release|Any CPU
		{ACC09C6A-3D51-4E38-A90B-A78BAC21B507}.Release|Any CPU.Build.0 = Release|Any CPU
		{C03046E0-E12B-4141-9143-83621F5AF63E}.Debug|Any CPU.ActiveCfg = Debug|Any CPU
		{C03046E0-E12B-4141-9143-83621F5AF63E}.Debug|Any CPU.Build.0 = Debug|Any CPU
		{C03046E0-E12B-4141-9143-83621F5AF63E}.Release|Any CPU.ActiveCfg = Release|Any CPU
		{C03046E0-E12B-4141-9143-83621F5AF63E}.Release|Any CPU.Build.0 = Release|Any CPU
	EndGlobalSection
	GlobalSection(SolutionProperties) = preSolution
		HideSolutionNode = FALSE
	EndGlobalSection
	GlobalSection(NestedProjects) = preSolution
		{ACC09C6A-3D51-4E38-A90B-A78BAC21B507} = {898F744D-64B9-4437-B848-B9542ECFF11E}
		{C03046E0-E12B-4141-9143-83621F5AF63E} = {898F744D-64B9-4437-B848-B9542ECFF11E}
	EndGlobalSection
	GlobalSection(ExtensibilityGlobals) = postSolution
		SolutionGuid = {9C9CE06C-599C-4CA3-B927-E99F4370FB82}
	EndGlobalSection
EndGlobal
